
Microsoft Visual Studio Solution File, Format Version 12.00
# Visual Studio 15
VisualStudioVersion = 15.0.26124.0
MinimumVisualStudioVersion = 15.0.26124.0
Project("{FAE04EC0-301F-11D3-BF4B-00C04F79EFBC}") = "API", "API\API.csproj", "{700ECA70-8D83-4108-98B6-4114F93C24B7}"
EndProject
Project("{FAE04EC0-301F-11D3-BF4B-00C04F79EFBC}") = "Core", "Core\Core.csproj", "{D5A41DAF-0F6C-4F57-964F-7EFFDE5B1325}"
EndProject
Project("{FAE04EC0-301F-11D3-BF4B-00C04F79EFBC}") = "Infrastructure", "Infrastructure\Infrastructure.csproj", "{FA4D9E89-F52A-4D01-B1A8-B43BE68CD9FC}"
EndProject
Global
	GlobalSection(SolutionConfigurationPlatforms) = preSolution
		Debug|Any CPU = Debug|Any CPU
		Debug|x64 = Debug|x64
		Debug|x86 = Debug|x86
		Release|Any CPU = Release|Any CPU
		Release|x64 = Release|x64
		Release|x86 = Release|x86
	EndGlobalSection
	GlobalSection(SolutionProperties) = preSolution
		HideSolutionNode = FALSE
	EndGlobalSection
	GlobalSection(ProjectConfigurationPlatforms) = postSolution
		{700ECA70-8D83-4108-98B6-4114F93C24B7}.Debug|Any CPU.ActiveCfg = Debug|Any CPU
		{700ECA70-8D83-4108-98B6-4114F93C24B7}.Debug|Any CPU.Build.0 = Debug|Any CPU
		{700ECA70-8D83-4108-98B6-4114F93C24B7}.Debug|x64.ActiveCfg = Debug|Any CPU
		{700ECA70-8D83-4108-98B6-4114F93C24B7}.Debug|x64.Build.0 = Debug|Any CPU
		{700ECA70-8D83-4108-98B6-4114F93C24B7}.Debug|x86.ActiveCfg = Debug|Any CPU
		{700ECA70-8D83-4108-98B6-4114F93C24B7}.Debug|x86.Build.0 = Debug|Any CPU
		{700ECA70-8D83-4108-98B6-4114F93C24B7}.Release|Any CPU.ActiveCfg = Release|Any CPU
		{700ECA70-8D83-4108-98B6-4114F93C24B7}.Release|Any CPU.Build.0 = Release|Any CPU
		{700ECA70-8D83-4108-98B6-4114F93C24B7}.Release|x64.ActiveCfg = Release|Any CPU
		{700ECA70-8D83-4108-98B6-4114F93C24B7}.Release|x64.Build.0 = Release|Any CPU
		{700ECA70-8D83-4108-98B6-4114F93C24B7}.Release|x86.ActiveCfg = Release|Any CPU
		{700ECA70-8D83-4108-98B6-4114F93C24B7}.Release|x86.Build.0 = Release|Any CPU
		{D5A41DAF-0F6C-4F57-964F-7EFFDE5B1325}.Debug|Any CPU.ActiveCfg = Debug|Any CPU
		{D5A41DAF-0F6C-4F57-964F-7EFFDE5B1325}.Debug|Any CPU.Build.0 = Debug|Any CPU
		{D5A41DAF-0F6C-4F57-964F-7EFFDE5B1325}.Debug|x64.ActiveCfg = Debug|Any CPU
		{D5A41DAF-0F6C-4F57-964F-7EFFDE5B1325}.Debug|x64.Build.0 = Debug|Any CPU
		{D5A41DAF-0F6C-4F57-964F-7EFFDE5B1325}.Debug|x86.ActiveCfg = Debug|Any CPU
		{D5A41DAF-0F6C-4F57-964F-7EFFDE5B1325}.Debug|x86.Build.0 = Debug|Any CPU
		{D5A41DAF-0F6C-4F57-964F-7EFFDE5B1325}.Release|Any CPU.ActiveCfg = Release|Any CPU
		{D5A41DAF-0F6C-4F57-964F-7EFFDE5B1325}.Release|Any CPU.Build.0 = Release|Any CPU
		{D5A41DAF-0F6C-4F57-964F-7EFFDE5B1325}.Release|x64.ActiveCfg = Release|Any CPU
		{D5A41DAF-0F6C-4F57-964F-7EFFDE5B1325}.Release|x64.Build.0 = Release|Any CPU
		{D5A41DAF-0F6C-4F57-964F-7EFFDE5B1325}.Release|x86.ActiveCfg = Release|Any CPU
		{D5A41DAF-0F6C-4F57-964F-7EFFDE5B1325}.Release|x86.Build.0 = Release|Any CPU
		{FA4D9E89-F52A-4D01-B1A8-B43BE68CD9FC}.Debug|Any CPU.ActiveCfg = Debug|Any CPU
		{FA4D9E89-F52A-4D01-B1A8-B43BE68CD9FC}.Debug|Any CPU.Build.0 = Debug|Any CPU
		{FA4D9E89-F52A-4D01-B1A8-B43BE68CD9FC}.Debug|x64.ActiveCfg = Debug|Any CPU
		{FA4D9E89-F52A-4D01-B1A8-B43BE68CD9FC}.Debug|x64.Build.0 = Debug|Any CPU
		{FA4D9E89-F52A-4D01-B1A8-B43BE68CD9FC}.Debug|x86.ActiveCfg = Debug|Any CPU
		{FA4D9E89-F52A-4D01-B1A8-B43BE68CD9FC}.Debug|x86.Build.0 = Debug|Any CPU
		{FA4D9E89-F52A-4D01-B1A8-B43BE68CD9FC}.Release|Any CPU.ActiveCfg = Release|Any CPU
		{FA4D9E89-F52A-4D01-B1A8-B43BE68CD9FC}.Release|Any CPU.Build.0 = Release|Any CPU
		{FA4D9E89-F52A-4D01-B1A8-B43BE68CD9FC}.Release|x64.ActiveCfg = Release|Any CPU
		{FA4D9E89-F52A-4D01-B1A8-B43BE68CD9FC}.Release|x64.Build.0 = Release|Any CPU
		{FA4D9E89-F52A-4D01-B1A8-B43BE68CD9FC}.Release|x86.ActiveCfg = Release|Any CPU
		{FA4D9E89-F52A-4D01-B1A8-B43BE68CD9FC}.Release|x86.Build.0 = Release|Any CPU
	EndGlobalSection
EndGlobal
